
Microsoft Visual Studio Solution File, Format Version 12.00
# Visual Studio Version 17
VisualStudioVersion = 17.6.33829.357
MinimumVisualStudioVersion = 10.0.40219.1
Project("{FAE04EC0-301F-11D3-BF4B-00C04F79EFBC}") = "MVC_Task", "MVC_Task.csproj", "{A999C871-820D-42E7-9714-81B07A498639}"
EndProject
Global
	GlobalSection(SolutionConfigurationPlatforms) = preSolution
		Debug|Any CPU = Debug|Any CPU
		Release|Any CPU = Release|Any CPU
	EndGlobalSection
	GlobalSection(ProjectConfigurationPlatforms) = postSolution
		{A999C871-820D-42E7-9714-81B07A498639}.Debug|Any CPU.ActiveCfg = Debug|Any CPU
		{A999C871-820D-42E7-9714-81B07A498639}.Debug|Any CPU.Build.0 = Debug|Any CPU
		{A999C871-820D-42E7-9714-81B07A498639}.Release|Any CPU.ActiveCfg = Release|Any CPU
		{A999C871-820D-42E7-9714-81B07A498639}.Release|Any CPU.Build.0 = Release|Any CPU
	EndGlobalSection
	GlobalSection(SolutionProperties) = preSolution
		HideSolutionNode = FALSE
	EndGlobalSection
	GlobalSection(ExtensibilityGlobals) = postSolution
		SolutionGuid = {6E6FE467-C35E-4C39-8887-96B8C2B7F322}
	EndGlobalSection
EndGlobal
